// !$*UTF8*$!
{
	archiveVersion = 1;
	classes = {
	};
	objectVersion = 56;
	objects = {

/* Begin PBXBuildFile section */
		799B078C293613BB00F333F5 /* PushApartViewController.swift in Sources */ = {isa = PBXBuildFile; fileRef = 799B078B293613BB00F333F5 /* PushApartViewController.swift */; };
		79C3051C292F62C600F947F4 /* AppDelegate.swift in Sources */ = {isa = PBXBuildFile; fileRef = 79C3051B292F62C600F947F4 /* AppDelegate.swift */; };
		79C3051E292F62C600F947F4 /* SceneDelegate.swift in Sources */ = {isa = PBXBuildFile; fileRef = 79C3051D292F62C600F947F4 /* SceneDelegate.swift */; };
		79C30520292F62C600F947F4 /* DynamicBehaviorViewController.swift in Sources */ = {isa = PBXBuildFile; fileRef = 79C3051F292F62C600F947F4 /* DynamicBehaviorViewController.swift */; };
		79C30523292F62C600F947F4 /* Main.storyboard in Resources */ = {isa = PBXBuildFile; fileRef = 79C30521292F62C600F947F4 /* Main.storyboard */; };
		79C30525292F62C700F947F4 /* Assets.xcassets in Resources */ = {isa = PBXBuildFile; fileRef = 79C30524292F62C700F947F4 /* Assets.xcassets */; };
		79C30528292F62C700F947F4 /* LaunchScreen.storyboard in Resources */ = {isa = PBXBuildFile; fileRef = 79C30526292F62C700F947F4 /* LaunchScreen.storyboard */; };
		79C316D72930CFBB00F947F4 /* AlsoDynamicBehaviorViewController.swift in Sources */ = {isa = PBXBuildFile; fileRef = 79C316D62930CFBB00F947F4 /* AlsoDynamicBehaviorViewController.swift */; };
/* End PBXBuildFile section */

/* Begin PBXFileReference section */
		799B078B293613BB00F333F5 /* PushApartViewController.swift */ = {isa = PBXFileReference; lastKnownFileType = sourcecode.swift; path = PushApartViewController.swift; sourceTree = "<group>"; };
		79C30518292F62C600F947F4 /* dynamic_behaviour.app */ = {isa = PBXFileReference; explicitFileType = wrapper.application; includeInIndex = 0; path = dynamic_behaviour.app; sourceTree = BUILT_PRODUCTS_DIR; };
		79C3051B292F62C600F947F4 /* AppDelegate.swift */ = {isa = PBXFileReference; lastKnownFileType = sourcecode.swift; path = AppDelegate.swift; sourceTree = "<group>"; };
		79C3051D292F62C600F947F4 /* SceneDelegate.swift */ = {isa = PBXFileReference; lastKnownFileType = sourcecode.swift; path = SceneDelegate.swift; sourceTree = "<group>"; };
		79C3051F292F62C600F947F4 /* DynamicBehaviorViewController.swift */ = {isa = PBXFileReference; lastKnownFileType = sourcecode.swift; path = DynamicBehaviorViewController.swift; sourceTree = "<group>"; };
		79C30522292F62C600F947F4 /* Base */ = {isa = PBXFileReference; lastKnownFileType = file.storyboard; name = Base; path = Base.lproj/Main.storyboard; sourceTree = "<group>"; };
		79C30524292F62C700F947F4 /* Assets.xcassets */ = {isa = PBXFileReference; lastKnownFileType = folder.assetcatalog; path = Assets.xcassets; sourceTree = "<group>"; };
		79C30527292F62C700F947F4 /* Base */ = {isa = PBXFileReference; lastKnownFileType = file.storyboard; name = Base; path = Base.lproj/LaunchScreen.storyboard; sourceTree = "<group>"; };
		79C30529292F62C700F947F4 /* Info.plist */ = {isa = PBXFileReference; lastKnownFileType = text.plist.xml; path = Info.plist; sourceTree = "<group>"; };
		79C316D62930CFBB00F947F4 /* AlsoDynamicBehaviorViewController.swift */ = {isa = PBXFileReference; lastKnownFileType = sourcecode.swift; path = AlsoDynamicBehaviorViewController.swift; sourceTree = "<group>"; };
/* End PBXFileReference section */

/* Begin PBXFrameworksBuildPhase section */
		79C30515292F62C600F947F4 /* Frameworks */ = {
			isa = PBXFrameworksBuildPhase;
			buildActionMask = 2147483647;
			files = (
			);
			runOnlyForDeploymentPostprocessing = 0;
		};
/* End PBXFrameworksBuildPhase section */

/* Begin PBXGroup section */
		79C3050F292F62C500F947F4 = {
			isa = PBXGroup;
			children = (
				79C3051A292F62C600F947F4 /* dynamic_behaviour */,
				79C30519292F62C600F947F4 /* Products */,
			);
			sourceTree = "<group>";
		};
		79C30519292F62C600F947F4 /* Products */ = {
			isa = PBXGroup;
			children = (
				79C30518292F62C600F947F4 /* dynamic_behaviour.app */,
			);
			name = Products;
			sourceTree = "<group>";
		};
		79C3051A292F62C600F947F4 /* dynamic_behaviour */ = {
			isa = PBXGroup;
			children = (
				79C3051B292F62C600F947F4 /* AppDelegate.swift */,
				79C3051D292F62C600F947F4 /* SceneDelegate.swift */,
				79C3051F292F62C600F947F4 /* DynamicBehaviorViewController.swift */,
				79C316D62930CFBB00F947F4 /* AlsoDynamicBehaviorViewController.swift */,
				799B078B293613BB00F333F5 /* PushApartViewController.swift */,
				79C30521292F62C600F947F4 /* Main.storyboard */,
				79C30524292F62C700F947F4 /* Assets.xcassets */,
				79C30526292F62C700F947F4 /* LaunchScreen.storyboard */,
				79C30529292F62C700F947F4 /* Info.plist */,
			);
			path = dynamic_behaviour;
			sourceTree = "<group>";
		};
/* End PBXGroup section */

/* Begin PBXNativeTarget section */
		79C30517292F62C600F947F4 /* dynamic_behaviour */ = {
			isa = PBXNativeTarget;
			buildConfigurationList = 79C3052C292F62C700F947F4 /* Build configuration list for PBXNativeTarget "dynamic_behaviour" */;
			buildPhases = (
				79C30514292F62C600F947F4 /* Sources */,
				79C30515292F62C600F947F4 /* Frameworks */,
				79C30516292F62C600F947F4 /* Resources */,
			);
			buildRules = (
			);
			dependencies = (
			);
			name = dynamic_behaviour;
			productName = dynamic_behaviour;
			productReference = 79C30518292F62C600F947F4 /* dynamic_behaviour.app */;
			productType = "com.apple.product-type.application";
		};
/* End PBXNativeTarget section */

/* Begin PBXProject section */
		79C30510292F62C600F947F4 /* Project object */ = {
			isa = PBXProject;
			attributes = {
				BuildIndependentTargetsInParallel = 1;
				LastSwiftUpdateCheck = 1410;
				LastUpgradeCheck = 1410;
				TargetAttributes = {
					79C30517292F62C600F947F4 = {
						CreatedOnToolsVersion = 14.1;
					};
				};
			};
			buildConfigurationList = 79C30513292F62C600F947F4 /* Build configuration list for PBXProject "dynamic_behaviour" */;
			compatibilityVersion = "Xcode 14.0";
			developmentRegion = en;
			hasScannedForEncodings = 0;
			knownRegions = (
				en,
				Base,
			);
			mainGroup = 79C3050F292F62C500F947F4;
			productRefGroup = 79C30519292F62C600F947F4 /* Products */;
			projectDirPath = "";
			projectRoot = "";
			targets = (
				79C30517292F62C600F947F4 /* dynamic_behaviour */,
			);
		};
/* End PBXProject section */

/* Begin PBXResourcesBuildPhase section */
		79C30516292F62C600F947F4 /* Resources */ = {
			isa = PBXResourcesBuildPhase;
			buildActionMask = 2147483647;
			files = (
				79C30528292F62C700F947F4 /* LaunchScreen.storyboard in Resources */,
				79C30525292F62C700F947F4 /* Assets.xcassets in Resources */,
				79C30523292F62C600F947F4 /* Main.storyboard in Resources */,
			);
			runOnlyForDeploymentPostprocessing = 0;
		};
/* End PBXResourcesBuildPhase section */

/* Begin PBXSourcesBuildPhase section */
		79C30514292F62C600F947F4 /* Sources */ = {
			isa = PBXSourcesBuildPhase;
			buildActionMask = 2147483647;
			files = (
				799B078C293613BB00F333F5 /* PushApartViewController.swift in Sources */,
				79C30520292F62C600F947F4 /* DynamicBehaviorViewController.swift in Sources */,
				79C316D72930CFBB00F947F4 /* AlsoDynamicBehaviorViewController.swift in Sources */,
				79C3051C292F62C600F947F4 /* AppDelegate.swift in Sources */,
				79C3051E292F62C600F947F4 /* SceneDelegate.swift in Sources */,
			);
			runOnlyForDeploymentPostprocessing = 0;
		};
/* End PBXSourcesBuildPhase section */

/* Begin PBXVariantGroup section */
		79C30521292F62C600F947F4 /* Main.storyboard */ = {
			isa = PBXVariantGroup;
			children = (
				79C30522292F62C600F947F4 /* Base */,
			);
			name = Main.storyboard;
			sourceTree = "<group>";
		};
		79C30526292F62C700F947F4 /* LaunchScreen.storyboard */ = {
			isa = PBXVariantGroup;
			children = (
				79C30527292F62C700F947F4 /* Base */,
			);
			name = LaunchScreen.storyboard;
			sourceTree = "<group>";
		};
/* End PBXVariantGroup section */

/* Begin XCBuildConfiguration section */
		79C3052A292F62C700F947F4 /* Debug */ = {
			isa = XCBuildConfiguration;
			buildSettings = {
				ALWAYS_SEARCH_USER_PATHS = NO;
				CLANG_ANALYZER_NONNULL = YES;
				CLANG_ANALYZER_NUMBER_OBJECT_CONVERSION = YES_AGGRESSIVE;
				CLANG_CXX_LANGUAGE_STANDARD = "gnu++20";
				CLANG_ENABLE_MODULES = YES;
				CLANG_ENABLE_OBJC_ARC = YES;
				CLANG_ENABLE_OBJC_WEAK = YES;
				CLANG_WARN_BLOCK_CAPTURE_AUTORELEASING = YES;
				CLANG_WARN_BOOL_CONVERSION = YES;
				CLANG_WARN_COMMA = YES;
				CLANG_WARN_CONSTANT_CONVERSION = YES;
				CLANG_WARN_DEPRECATED_OBJC_IMPLEMENTATIONS = YES;
				CLANG_WARN_DIRECT_OBJC_ISA_USAGE = YES_ERROR;
				CLANG_WARN_DOCUMENTATION_COMMENTS = YES;
				CLANG_WARN_EMPTY_BODY = YES;
				CLANG_WARN_ENUM_CONVERSION = YES;
				CLANG_WARN_INFINITE_RECURSION = YES;
				CLANG_WARN_INT_CONVERSION = YES;
				CLANG_WARN_NON_LITERAL_NULL_CONVERSION = YES;
				CLANG_WARN_OBJC_IMPLICIT_RETAIN_SELF = YES;
				CLANG_WARN_OBJC_LITERAL_CONVERSION = YES;
				CLANG_WARN_OBJC_ROOT_CLASS = YES_ERROR;
				CLANG_WARN_QUOTED_INCLUDE_IN_FRAMEWORK_HEADER = YES;
				CLANG_WARN_RANGE_LOOP_ANALYSIS = YES;
				CLANG_WARN_STRICT_PROTOTYPES = YES;
				CLANG_WARN_SUSPICIOUS_MOVE = YES;
				CLANG_WARN_UNGUARDED_AVAILABILITY = YES_AGGRESSIVE;
				CLANG_WARN_UNREACHABLE_CODE = YES;
				CLANG_WARN__DUPLICATE_METHOD_MATCH = YES;
				COPY_PHASE_STRIP = NO;
				DEBUG_INFORMATION_FORMAT = dwarf;
				ENABLE_STRICT_OBJC_MSGSEND = YES;
				ENABLE_TESTABILITY = YES;
				GCC_C_LANGUAGE_STANDARD = gnu11;
				GCC_DYNAMIC_NO_PIC = NO;
				GCC_NO_COMMON_BLOCKS = YES;
				GCC_OPTIMIZATION_LEVEL = 0;
				GCC_PREPROCESSOR_DEFINITIONS = (
					"DEBUG=1",
					"$(inherited)",
				);
				GCC_WARN_64_TO_32_BIT_CONVERSION = YES;
				GCC_WARN_ABOUT_RETURN_TYPE = YES_ERROR;
				GCC_WARN_UNDECLARED_SELECTOR = YES;
				GCC_WARN_UNINITIALIZED_AUTOS = YES_AGGRESSIVE;
				GCC_WARN_UNUSED_FUNCTION = YES;
				GCC_WARN_UNUSED_VARIABLE = YES;
				IPHONEOS_DEPLOYMENT_TARGET = 16.1;
				MTL_ENABLE_DEBUG_INFO = INCLUDE_SOURCE;
				MTL_FAST_MATH = YES;
				ONLY_ACTIVE_ARCH = YES;
				SDKROOT = iphoneos;
				SWIFT_ACTIVE_COMPILATION_CONDITIONS = DEBUG;
				SWIFT_OPTIMIZATION_LEVEL = "-Onone";
			};
			name = Debug;
		};
		79C3052B292F62C700F947F4 /* Release */ = {
			isa = XCBuildConfiguration;
			buildSettings = {
				ALWAYS_SEARCH_USER_PATHS = NO;
				CLANG_ANALYZER_NONNULL = YES;
				CLANG_ANALYZER_NUMBER_OBJECT_CONVERSION = YES_AGGRESSIVE;
				CLANG_CXX_LANGUAGE_STANDARD = "gnu++20";
				CLANG_ENABLE_MODULES = YES;
				CLANG_ENABLE_OBJC_ARC = YES;
				CLANG_ENABLE_OBJC_WEAK = YES;
				CLANG_WARN_BLOCK_CAPTURE_AUTORELEASING = YES;
				CLANG_WARN_BOOL_CONVERSION = YES;
				CLANG_WARN_COMMA = YES;
				CLANG_WARN_CONSTANT_CONVERSION = YES;
				CLANG_WARN_DEPRECATED_OBJC_IMPLEMENTATIONS = YES;
				CLANG_WARN_DIRECT_OBJC_ISA_USAGE = YES_ERROR;
				CLANG_WARN_DOCUMENTATION_COMMENTS = YES;
				CLANG_WARN_EMPTY_BODY = YES;
				CLANG_WARN_ENUM_CONVERSION = YES;
				CLANG_WARN_INFINITE_RECURSION = YES;
				CLANG_WARN_INT_CONVERSION = YES;
				CLANG_WARN_NON_LITERAL_NULL_CONVERSION = YES;
				CLANG_WARN_OBJC_IMPLICIT_RETAIN_SELF = YES;
				CLANG_WARN_OBJC_LITERAL_CONVERSION = YES;
				CLANG_WARN_OBJC_ROOT_CLASS = YES_ERROR;
				CLANG_WARN_QUOTED_INCLUDE_IN_FRAMEWORK_HEADER = YES;
				CLANG_WARN_RANGE_LOOP_ANALYSIS = YES;
				CLANG_WARN_STRICT_PROTOTYPES = YES;
				CLANG_WARN_SUSPICIOUS_MOVE = YES;
				CLANG_WARN_UNGUARDED_AVAILABILITY = YES_AGGRESSIVE;
				CLANG_WARN_UNREACHABLE_CODE = YES;
				CLANG_WARN__DUPLICATE_METHOD_MATCH = YES;
				COPY_PHASE_STRIP = NO;
				DEBUG_INFORMATION_FORMAT = "dwarf-with-dsym";
				ENABLE_NS_ASSERTIONS = NO;
				ENABLE_STRICT_OBJC_MSGSEND = YES;
				GCC_C_LANGUAGE_STANDARD = gnu11;
				GCC_NO_COMMON_BLOCKS = YES;
				GCC_WARN_64_TO_32_BIT_CONVERSION = YES;
				GCC_WARN_ABOUT_RETURN_TYPE = YES_ERROR;
				GCC_WARN_UNDECLARED_SELECTOR = YES;
				GCC_WARN_UNINITIALIZED_AUTOS = YES_AGGRESSIVE;
				GCC_WARN_UNUSED_FUNCTION = YES;
				GCC_WARN_UNUSED_VARIABLE = YES;
				IPHONEOS_DEPLOYMENT_TARGET = 16.1;
				MTL_ENABLE_DEBUG_INFO = NO;
				MTL_FAST_MATH = YES;
				SDKROOT = iphoneos;
				SWIFT_COMPILATION_MODE = wholemodule;
				SWIFT_OPTIMIZATION_LEVEL = "-O";
				VALIDATE_PRODUCT = YES;
			};
			name = Release;
		};
		79C3052D292F62C700F947F4 /* Debug */ = {
			isa = XCBuildConfiguration;
			buildSettings = {
				ASSETCATALOG_COMPILER_APPICON_NAME = AppIcon;
				ASSETCATALOG_COMPILER_GLOBAL_ACCENT_COLOR_NAME = AccentColor;
				CODE_SIGN_STYLE = Automatic;
				CURRENT_PROJECT_VERSION = 1;
				DEVELOPMENT_TEAM = 362A2CWY7M;
				GENERATE_INFOPLIST_FILE = YES;
				INFOPLIST_FILE = dynamic_behaviour/Info.plist;
				INFOPLIST_KEY_UIApplicationSupportsIndirectInputEvents = YES;
				INFOPLIST_KEY_UILaunchStoryboardName = LaunchScreen;
				INFOPLIST_KEY_UIMainStoryboardFile = Main;
				INFOPLIST_KEY_UISupportedInterfaceOrientations_iPad = "UIInterfaceOrientationPortrait UIInterfaceOrientationPortraitUpsideDown UIInterfaceOrientationLandscapeLeft UIInterfaceOrientationLandscapeRight";
				INFOPLIST_KEY_UISupportedInterfaceOrientations_iPhone = "UIInterfaceOrientationPortrait UIInterfaceOrientationLandscapeLeft UIInterfaceOrientationLandscapeRight";
				LD_RUNPATH_SEARCH_PATHS = (
					"$(inherited)",
					"@executable_path/Frameworks",
				);
				MARKETING_VERSION = 1.0;
				PRODUCT_BUNDLE_IDENTIFIER = "if.dynamic-behaviour";
				PRODUCT_NAME = "$(TARGET_NAME)";
				SWIFT_EMIT_LOC_STRINGS = YES;
				SWIFT_VERSION = 5.0;
				TARGETED_DEVICE_FAMILY = "1,2";
			};
			name = Debug;
		};
		79C3052E292F62C700F947F4 /* Release */ = {
			isa = XCBuildConfiguration;
			buildSettings = {
				ASSETCATALOG_COMPILER_APPICON_NAME = AppIcon;
				ASSETCATALOG_COMPILER_GLOBAL_ACCENT_COLOR_NAME = AccentColor;
				CODE_SIGN_STYLE = Automatic;
				CURRENT_PROJECT_VERSION = 1;
				DEVELOPMENT_TEAM = 362A2CWY7M;
				GENERATE_INFOPLIST_FILE = YES;
				INFOPLIST_FILE = dynamic_behaviour/Info.plist;
				INFOPLIST_KEY_UIApplicationSupportsIndirectInputEvents = YES;
				INFOPLIST_KEY_UILaunchStoryboardName = LaunchScreen;
				INFOPLIST_KEY_UIMainStoryboardFile = Main;
				INFOPLIST_KEY_UISupportedInterfaceOrientations_iPad = "UIInterfaceOrientationPortrait UIInterfaceOrientationPortraitUpsideDown UIInterfaceOrientationLandscapeLeft UIInterfaceOrientationLandscapeRight";
				INFOPLIST_KEY_UISupportedInterfaceOrientations_iPhone = "UIInterfaceOrientationPortrait UIInterfaceOrientationLandscapeLeft UIInterfaceOrientationLandscapeRight";
				LD_RUNPATH_SEARCH_PATHS = (
					"$(inherited)",
					"@executable_path/Frameworks",
				);
				MARKETING_VERSION = 1.0;
				PRODUCT_BUNDLE_IDENTIFIER = "if.dynamic-behaviour";
				PRODUCT_NAME = "$(TARGET_NAME)";
				SWIFT_EMIT_LOC_STRINGS = YES;
				SWIFT_VERSION = 5.0;
				TARGETED_DEVICE_FAMILY = "1,2";
			};
			name = Release;
		};
/* End XCBuildConfiguration section */

/* Begin XCConfigurationList section */
		79C30513292F62C600F947F4 /* Build configuration list for PBXProject "dynamic_behaviour" */ = {
			isa = XCConfigurationList;
			buildConfigurations = (
				79C3052A292F62C700F947F4 /* Debug */,
				79C3052B292F62C700F947F4 /* Release */,
			);
			defaultConfigurationIsVisible = 0;
			defaultConfigurationName = Release;
		};
		79C3052C292F62C700F947F4 /* Build configuration list for PBXNativeTarget "dynamic_behaviour" */ = {
			isa = XCConfigurationList;
			buildConfigurations = (
				79C3052D292F62C700F947F4 /* Debug */,
				79C3052E292F62C700F947F4 /* Release */,
			);
			defaultConfigurationIsVisible = 0;
			defaultConfigurationName = Release;
		};
/* End XCConfigurationList section */
	};
	rootObject = 79C30510292F62C600F947F4 /* Project object */;
}
